// !$*UTF8*$!
{
	archiveVersion = 1;
	classes = {
	};
	objectVersion = 55;
	objects = {

/* Begin PBXBuildFile section */
		239270E3292ACC7800D9031E /* HomeView.swift in Sources */ = {isa = PBXBuildFile; fileRef = 239270E2292ACC7800D9031E /* HomeView.swift */; };
		239270E529365FBB00D9031E /* addFriendView.swift in Sources */ = {isa = PBXBuildFile; fileRef = 239270E429365FBB00D9031E /* addFriendView.swift */; };
		5F09553C2922D7CE00BCB79D /* User.swift in Sources */ = {isa = PBXBuildFile; fileRef = 5F09553A2922D7CE00BCB79D /* User.swift */; };
		5F09553D2922D7CE00BCB79D /* ModelData.swift in Sources */ = {isa = PBXBuildFile; fileRef = 5F09553B2922D7CE00BCB79D /* ModelData.swift */; };
		5F0955402922D7E800BCB79D /* ContentView.swift in Sources */ = {isa = PBXBuildFile; fileRef = 5F09553F2922D7E800BCB79D /* ContentView.swift */; };
		5F0955472922D80B00BCB79D /* BirthdayRow.swift in Sources */ = {isa = PBXBuildFile; fileRef = 5F0955422922D80B00BCB79D /* BirthdayRow.swift */; };
		5F0955482922D80B00BCB79D /* ProfileView.swift in Sources */ = {isa = PBXBuildFile; fileRef = 5F0955432922D80B00BCB79D /* ProfileView.swift */; };
		5F0955492922D80B00BCB79D /* LoginView.swift in Sources */ = {isa = PBXBuildFile; fileRef = 5F0955442922D80B00BCB79D /* LoginView.swift */; };
		5F09554A2922D80B00BCB79D /* ProfilePicture.swift in Sources */ = {isa = PBXBuildFile; fileRef = 5F0955452922D80B00BCB79D /* ProfilePicture.swift */; };
		5F8FEB8229313A7500F659F6 /* PrivateProfileView.swift in Sources */ = {isa = PBXBuildFile; fileRef = 5F8FEB8129313A7500F659F6 /* PrivateProfileView.swift */; };
		6804BE5D2932C2C80029C0E3 /* listView.swift in Sources */ = {isa = PBXBuildFile; fileRef = 6804BE5C2932C2C80029C0E3 /* listView.swift */; };
		68BE2CD7292688E400DA86F8 /* Webservice.swift in Sources */ = {isa = PBXBuildFile; fileRef = 68BE2CD6292688E300DA86F8 /* Webservice.swift */; };
		B89E52762901E42000A8A7C3 /* gift_trackerApp.swift in Sources */ = {isa = PBXBuildFile; fileRef = B89E52752901E42000A8A7C3 /* gift_trackerApp.swift */; };
		B89E527A2901E42200A8A7C3 /* Assets.xcassets in Resources */ = {isa = PBXBuildFile; fileRef = B89E52792901E42200A8A7C3 /* Assets.xcassets */; };
		B89E527D2901E42200A8A7C3 /* Preview Assets.xcassets in Resources */ = {isa = PBXBuildFile; fileRef = B89E527C2901E42200A8A7C3 /* Preview Assets.xcassets */; };
/* End PBXBuildFile section */

/* Begin PBXFileReference section */
		239270E2292ACC7800D9031E /* HomeView.swift */ = {isa = PBXFileReference; lastKnownFileType = sourcecode.swift; path = HomeView.swift; sourceTree = "<group>"; };
		239270E429365FBB00D9031E /* addFriendView.swift */ = {isa = PBXFileReference; lastKnownFileType = sourcecode.swift; path = addFriendView.swift; sourceTree = "<group>"; };
		5F09553A2922D7CE00BCB79D /* User.swift */ = {isa = PBXFileReference; fileEncoding = 4; lastKnownFileType = sourcecode.swift; path = User.swift; sourceTree = "<group>"; };
		5F09553B2922D7CE00BCB79D /* ModelData.swift */ = {isa = PBXFileReference; fileEncoding = 4; lastKnownFileType = sourcecode.swift; path = ModelData.swift; sourceTree = "<group>"; };
		5F09553F2922D7E800BCB79D /* ContentView.swift */ = {isa = PBXFileReference; fileEncoding = 4; lastKnownFileType = sourcecode.swift; path = ContentView.swift; sourceTree = "<group>"; };
		5F0955422922D80B00BCB79D /* BirthdayRow.swift */ = {isa = PBXFileReference; fileEncoding = 4; lastKnownFileType = sourcecode.swift; path = BirthdayRow.swift; sourceTree = "<group>"; };
		5F0955432922D80B00BCB79D /* ProfileView.swift */ = {isa = PBXFileReference; fileEncoding = 4; lastKnownFileType = sourcecode.swift; path = ProfileView.swift; sourceTree = "<group>"; };
		5F0955442922D80B00BCB79D /* LoginView.swift */ = {isa = PBXFileReference; fileEncoding = 4; lastKnownFileType = sourcecode.swift; path = LoginView.swift; sourceTree = "<group>"; };
		5F0955452922D80B00BCB79D /* ProfilePicture.swift */ = {isa = PBXFileReference; fileEncoding = 4; lastKnownFileType = sourcecode.swift; path = ProfilePicture.swift; sourceTree = "<group>"; };
		5F8FEB8129313A7500F659F6 /* PrivateProfileView.swift */ = {isa = PBXFileReference; lastKnownFileType = sourcecode.swift; path = PrivateProfileView.swift; sourceTree = "<group>"; };
		6804BE5C2932C2C80029C0E3 /* listView.swift */ = {isa = PBXFileReference; lastKnownFileType = sourcecode.swift; path = listView.swift; sourceTree = "<group>"; };
		68BE2CD6292688E300DA86F8 /* Webservice.swift */ = {isa = PBXFileReference; lastKnownFileType = sourcecode.swift; path = Webservice.swift; sourceTree = "<group>"; };
		B89E52722901E42000A8A7C3 /* gift-tracker.app */ = {isa = PBXFileReference; explicitFileType = wrapper.application; includeInIndex = 0; path = "gift-tracker.app"; sourceTree = BUILT_PRODUCTS_DIR; };
		B89E52752901E42000A8A7C3 /* gift_trackerApp.swift */ = {isa = PBXFileReference; lastKnownFileType = sourcecode.swift; path = gift_trackerApp.swift; sourceTree = "<group>"; };
		B89E52792901E42200A8A7C3 /* Assets.xcassets */ = {isa = PBXFileReference; lastKnownFileType = folder.assetcatalog; path = Assets.xcassets; sourceTree = "<group>"; };
		B89E527C2901E42200A8A7C3 /* Preview Assets.xcassets */ = {isa = PBXFileReference; lastKnownFileType = folder.assetcatalog; path = "Preview Assets.xcassets"; sourceTree = "<group>"; };
/* End PBXFileReference section */

/* Begin PBXFrameworksBuildPhase section */
		B89E526F2901E42000A8A7C3 /* Frameworks */ = {
			isa = PBXFrameworksBuildPhase;
			buildActionMask = 2147483647;
			files = (
			);
			runOnlyForDeploymentPostprocessing = 0;
		};
/* End PBXFrameworksBuildPhase section */

/* Begin PBXGroup section */
		5F0955392922D7CE00BCB79D /* Model */ = {
			isa = PBXGroup;
			children = (
				5F09553A2922D7CE00BCB79D /* User.swift */,
				5F09553B2922D7CE00BCB79D /* ModelData.swift */,
			);
			path = Model;
			sourceTree = "<group>";
		};
		5F09553E2922D7E800BCB79D /* Views */ = {
			isa = PBXGroup;
			children = (
				5F0955432922D80B00BCB79D /* ProfileView.swift */,
				5F0955452922D80B00BCB79D /* ProfilePicture.swift */,
				5F0955422922D80B00BCB79D /* BirthdayRow.swift */,
				5F0955442922D80B00BCB79D /* LoginView.swift */,
				5F09553F2922D7E800BCB79D /* ContentView.swift */,
				239270E2292ACC7800D9031E /* HomeView.swift */,
				5F8FEB8129313A7500F659F6 /* PrivateProfileView.swift */,
				239270E429365FBB00D9031E /* addFriendView.swift */,
				6804BE5C2932C2C80029C0E3 /* listView.swift */,
			);
			path = Views;
			sourceTree = "<group>";
		};
		5F09554C2922D8A300BCB79D /* gift-tracker */ = {
			isa = PBXGroup;
			children = (
				68BE2CD5292688C300DA86F8 /* WebService */,
				5F09553E2922D7E800BCB79D /* Views */,
				5F0955392922D7CE00BCB79D /* Model */,
				B89E52752901E42000A8A7C3 /* gift_trackerApp.swift */,
				B89E52792901E42200A8A7C3 /* Assets.xcassets */,
				B89E527B2901E42200A8A7C3 /* Preview Content */,
			);
			path = "gift-tracker";
			sourceTree = "<group>";
		};
		68BE2CD5292688C300DA86F8 /* WebService */ = {
			isa = PBXGroup;
			children = (
				68BE2CD6292688E300DA86F8 /* Webservice.swift */,
			);
			path = WebService;
			sourceTree = "<group>";
		};
		B89E52692901E42000A8A7C3 = {
			isa = PBXGroup;
			children = (
				5F09554C2922D8A300BCB79D /* gift-tracker */,
				B89E52732901E42000A8A7C3 /* Products */,
			);
			sourceTree = "<group>";
		};
		B89E52732901E42000A8A7C3 /* Products */ = {
			isa = PBXGroup;
			children = (
				B89E52722901E42000A8A7C3 /* gift-tracker.app */,
			);
			name = Products;
			sourceTree = "<group>";
		};
		B89E527B2901E42200A8A7C3 /* Preview Content */ = {
			isa = PBXGroup;
			children = (
				B89E527C2901E42200A8A7C3 /* Preview Assets.xcassets */,
			);
			path = "Preview Content";
			sourceTree = "<group>";
		};
/* End PBXGroup section */

/* Begin PBXNativeTarget section */
		B89E52712901E42000A8A7C3 /* gift-tracker */ = {
			isa = PBXNativeTarget;
			buildConfigurationList = B89E52802901E42200A8A7C3 /* Build configuration list for PBXNativeTarget "gift-tracker" */;
			buildPhases = (
				B89E526E2901E42000A8A7C3 /* Sources */,
				B89E526F2901E42000A8A7C3 /* Frameworks */,
				B89E52702901E42000A8A7C3 /* Resources */,
			);
			buildRules = (
			);
			dependencies = (
			);
			name = "gift-tracker";
			productName = "gift-tracker";
			productReference = B89E52722901E42000A8A7C3 /* gift-tracker.app */;
			productType = "com.apple.product-type.application";
		};
/* End PBXNativeTarget section */

/* Begin PBXProject section */
		B89E526A2901E42000A8A7C3 /* Project object */ = {
			isa = PBXProject;
			attributes = {
				BuildIndependentTargetsInParallel = 1;
				LastSwiftUpdateCheck = 1340;
				LastUpgradeCheck = 1340;
				TargetAttributes = {
					B89E52712901E42000A8A7C3 = {
						CreatedOnToolsVersion = 13.4.1;
					};
				};
			};
			buildConfigurationList = B89E526D2901E42000A8A7C3 /* Build configuration list for PBXProject "gift-tracker" */;
			compatibilityVersion = "Xcode 13.0";
			developmentRegion = en;
			hasScannedForEncodings = 0;
			knownRegions = (
				en,
				Base,
			);
			mainGroup = B89E52692901E42000A8A7C3;
			productRefGroup = B89E52732901E42000A8A7C3 /* Products */;
			projectDirPath = "";
			projectRoot = "";
			targets = (
				B89E52712901E42000A8A7C3 /* gift-tracker */,
			);
		};
/* End PBXProject section */

/* Begin PBXResourcesBuildPhase section */
		B89E52702901E42000A8A7C3 /* Resources */ = {
			isa = PBXResourcesBuildPhase;
			buildActionMask = 2147483647;
			files = (
				B89E527D2901E42200A8A7C3 /* Preview Assets.xcassets in Resources */,
				B89E527A2901E42200A8A7C3 /* Assets.xcassets in Resources */,
			);
			runOnlyForDeploymentPostprocessing = 0;
		};
/* End PBXResourcesBuildPhase section */

/* Begin PBXSourcesBuildPhase section */
		B89E526E2901E42000A8A7C3 /* Sources */ = {
			isa = PBXSourcesBuildPhase;
			buildActionMask = 2147483647;
			files = (
				5F09553C2922D7CE00BCB79D /* User.swift in Sources */,
				5F0955492922D80B00BCB79D /* LoginView.swift in Sources */,
				B89E52762901E42000A8A7C3 /* gift_trackerApp.swift in Sources */,
				5F8FEB8229313A7500F659F6 /* PrivateProfileView.swift in Sources */,
				6804BE5D2932C2C80029C0E3 /* listView.swift in Sources */,
				68BE2CD7292688E400DA86F8 /* Webservice.swift in Sources */,
				5F0955402922D7E800BCB79D /* ContentView.swift in Sources */,
				5F09554A2922D80B00BCB79D /* ProfilePicture.swift in Sources */,
				5F0955472922D80B00BCB79D /* BirthdayRow.swift in Sources */,
				239270E3292ACC7800D9031E /* HomeView.swift in Sources */,
				5F0955482922D80B00BCB79D /* ProfileView.swift in Sources */,
				239270E529365FBB00D9031E /* addFriendView.swift in Sources */,
				5F09553D2922D7CE00BCB79D /* ModelData.swift in Sources */,
			);
			runOnlyForDeploymentPostprocessing = 0;
		};
/* End PBXSourcesBuildPhase section */

/* Begin XCBuildConfiguration section */
		B89E527E2901E42200A8A7C3 /* Debug */ = {
			isa = XCBuildConfiguration;
			buildSettings = {
				ALWAYS_SEARCH_USER_PATHS = NO;
				CLANG_ANALYZER_NONNULL = YES;
				CLANG_ANALYZER_NUMBER_OBJECT_CONVERSION = YES_AGGRESSIVE;
				CLANG_CXX_LANGUAGE_STANDARD = "gnu++17";
				CLANG_ENABLE_MODULES = YES;
				CLANG_ENABLE_OBJC_ARC = YES;
				CLANG_ENABLE_OBJC_WEAK = YES;
				CLANG_WARN_BLOCK_CAPTURE_AUTORELEASING = YES;
				CLANG_WARN_BOOL_CONVERSION = YES;
				CLANG_WARN_COMMA = YES;
				CLANG_WARN_CONSTANT_CONVERSION = YES;
				CLANG_WARN_DEPRECATED_OBJC_IMPLEMENTATIONS = YES;
				CLANG_WARN_DIRECT_OBJC_ISA_USAGE = YES_ERROR;
				CLANG_WARN_DOCUMENTATION_COMMENTS = YES;
				CLANG_WARN_EMPTY_BODY = YES;
				CLANG_WARN_ENUM_CONVERSION = YES;
				CLANG_WARN_INFINITE_RECURSION = YES;
				CLANG_WARN_INT_CONVERSION = YES;
				CLANG_WARN_NON_LITERAL_NULL_CONVERSION = YES;
				CLANG_WARN_OBJC_IMPLICIT_RETAIN_SELF = YES;
				CLANG_WARN_OBJC_LITERAL_CONVERSION = YES;
				CLANG_WARN_OBJC_ROOT_CLASS = YES_ERROR;
				CLANG_WARN_QUOTED_INCLUDE_IN_FRAMEWORK_HEADER = YES;
				CLANG_WARN_RANGE_LOOP_ANALYSIS = YES;
				CLANG_WARN_STRICT_PROTOTYPES = YES;
				CLANG_WARN_SUSPICIOUS_MOVE = YES;
				CLANG_WARN_UNGUARDED_AVAILABILITY = YES_AGGRESSIVE;
				CLANG_WARN_UNREACHABLE_CODE = YES;
				CLANG_WARN__DUPLICATE_METHOD_MATCH = YES;
				COPY_PHASE_STRIP = NO;
				DEBUG_INFORMATION_FORMAT = dwarf;
				ENABLE_STRICT_OBJC_MSGSEND = YES;
				ENABLE_TESTABILITY = YES;
				GCC_C_LANGUAGE_STANDARD = gnu11;
				GCC_DYNAMIC_NO_PIC = NO;
				GCC_NO_COMMON_BLOCKS = YES;
				GCC_OPTIMIZATION_LEVEL = 0;
				GCC_PREPROCESSOR_DEFINITIONS = (
					"DEBUG=1",
					"$(inherited)",
				);
				GCC_WARN_64_TO_32_BIT_CONVERSION = YES;
				GCC_WARN_ABOUT_RETURN_TYPE = YES_ERROR;
				GCC_WARN_UNDECLARED_SELECTOR = YES;
				GCC_WARN_UNINITIALIZED_AUTOS = YES_AGGRESSIVE;
				GCC_WARN_UNUSED_FUNCTION = YES;
				GCC_WARN_UNUSED_VARIABLE = YES;
				IPHONEOS_DEPLOYMENT_TARGET = 15.5;
				MTL_ENABLE_DEBUG_INFO = INCLUDE_SOURCE;
				MTL_FAST_MATH = YES;
				ONLY_ACTIVE_ARCH = YES;
				SDKROOT = iphoneos;
				SWIFT_ACTIVE_COMPILATION_CONDITIONS = DEBUG;
				SWIFT_OPTIMIZATION_LEVEL = "-Onone";
			};
			name = Debug;
		};
		B89E527F2901E42200A8A7C3 /* Release */ = {
			isa = XCBuildConfiguration;
			buildSettings = {
				ALWAYS_SEARCH_USER_PATHS = NO;
				CLANG_ANALYZER_NONNULL = YES;
				CLANG_ANALYZER_NUMBER_OBJECT_CONVERSION = YES_AGGRESSIVE;
				CLANG_CXX_LANGUAGE_STANDARD = "gnu++17";
				CLANG_ENABLE_MODULES = YES;
				CLANG_ENABLE_OBJC_ARC = YES;
				CLANG_ENABLE_OBJC_WEAK = YES;
				CLANG_WARN_BLOCK_CAPTURE_AUTORELEASING = YES;
				CLANG_WARN_BOOL_CONVERSION = YES;
				CLANG_WARN_COMMA = YES;
				CLANG_WARN_CONSTANT_CONVERSION = YES;
				CLANG_WARN_DEPRECATED_OBJC_IMPLEMENTATIONS = YES;
				CLANG_WARN_DIRECT_OBJC_ISA_USAGE = YES_ERROR;
				CLANG_WARN_DOCUMENTATION_COMMENTS = YES;
				CLANG_WARN_EMPTY_BODY = YES;
				CLANG_WARN_ENUM_CONVERSION = YES;
				CLANG_WARN_INFINITE_RECURSION = YES;
				CLANG_WARN_INT_CONVERSION = YES;
				CLANG_WARN_NON_LITERAL_NULL_CONVERSION = YES;
				CLANG_WARN_OBJC_IMPLICIT_RETAIN_SELF = YES;
				CLANG_WARN_OBJC_LITERAL_CONVERSION = YES;
				CLANG_WARN_OBJC_ROOT_CLASS = YES_ERROR;
				CLANG_WARN_QUOTED_INCLUDE_IN_FRAMEWORK_HEADER = YES;
				CLANG_WARN_RANGE_LOOP_ANALYSIS = YES;
				CLANG_WARN_STRICT_PROTOTYPES = YES;
				CLANG_WARN_SUSPICIOUS_MOVE = YES;
				CLANG_WARN_UNGUARDED_AVAILABILITY = YES_AGGRESSIVE;
				CLANG_WARN_UNREACHABLE_CODE = YES;
				CLANG_WARN__DUPLICATE_METHOD_MATCH = YES;
				COPY_PHASE_STRIP = NO;
				DEBUG_INFORMATION_FORMAT = "dwarf-with-dsym";
				ENABLE_NS_ASSERTIONS = NO;
				ENABLE_STRICT_OBJC_MSGSEND = YES;
				GCC_C_LANGUAGE_STANDARD = gnu11;
				GCC_NO_COMMON_BLOCKS = YES;
				GCC_WARN_64_TO_32_BIT_CONVERSION = YES;
				GCC_WARN_ABOUT_RETURN_TYPE = YES_ERROR;
				GCC_WARN_UNDECLARED_SELECTOR = YES;
				GCC_WARN_UNINITIALIZED_AUTOS = YES_AGGRESSIVE;
				GCC_WARN_UNUSED_FUNCTION = YES;
				GCC_WARN_UNUSED_VARIABLE = YES;
				IPHONEOS_DEPLOYMENT_TARGET = 15.5;
				MTL_ENABLE_DEBUG_INFO = NO;
				MTL_FAST_MATH = YES;
				SDKROOT = iphoneos;
				SWIFT_COMPILATION_MODE = wholemodule;
				SWIFT_OPTIMIZATION_LEVEL = "-O";
				VALIDATE_PRODUCT = YES;
			};
			name = Release;
		};
		B89E52812901E42200A8A7C3 /* Debug */ = {
			isa = XCBuildConfiguration;
			buildSettings = {
				ASSETCATALOG_COMPILER_APPICON_NAME = AppIcon;
				ASSETCATALOG_COMPILER_GLOBAL_ACCENT_COLOR_NAME = AccentColor;
				CODE_SIGN_STYLE = Automatic;
				CURRENT_PROJECT_VERSION = 1;
				DEVELOPMENT_ASSET_PATHS = "\"gift-tracker/Preview Content\"";
				ENABLE_PREVIEWS = YES;
				GENERATE_INFOPLIST_FILE = YES;
				INFOPLIST_KEY_UIApplicationSceneManifest_Generation = YES;
				INFOPLIST_KEY_UIApplicationSupportsIndirectInputEvents = YES;
				INFOPLIST_KEY_UILaunchScreen_Generation = YES;
				INFOPLIST_KEY_UISupportedInterfaceOrientations_iPad = "UIInterfaceOrientationPortrait UIInterfaceOrientationPortraitUpsideDown UIInterfaceOrientationLandscapeLeft UIInterfaceOrientationLandscapeRight";
				INFOPLIST_KEY_UISupportedInterfaceOrientations_iPhone = "UIInterfaceOrientationPortrait UIInterfaceOrientationLandscapeLeft UIInterfaceOrientationLandscapeRight";
				LD_RUNPATH_SEARCH_PATHS = (
					"$(inherited)",
					"@executable_path/Frameworks",
					"\"$(SRCROOT)/gift-tracker/Views\"",
					"\"$(SRCROOT)/gift-tracker\"",
				);
				MARKETING_VERSION = 1.0;
				PRODUCT_BUNDLE_IDENTIFIER = "com.crhodes2.gift-tracker";
				PRODUCT_NAME = "$(TARGET_NAME)";
				SWIFT_EMIT_LOC_STRINGS = YES;
				SWIFT_VERSION = 5.0;
				TARGETED_DEVICE_FAMILY = "1,2";
			};
			name = Debug;
		};
		B89E52822901E42200A8A7C3 /* Release */ = {
			isa = XCBuildConfiguration;
			buildSettings = {
				ASSETCATALOG_COMPILER_APPICON_NAME = AppIcon;
				ASSETCATALOG_COMPILER_GLOBAL_ACCENT_COLOR_NAME = AccentColor;
				CODE_SIGN_STYLE = Automatic;
				CURRENT_PROJECT_VERSION = 1;
				DEVELOPMENT_ASSET_PATHS = "\"gift-tracker/Preview Content\"";
				ENABLE_PREVIEWS = YES;
				GENERATE_INFOPLIST_FILE = YES;
				INFOPLIST_KEY_UIApplicationSceneManifest_Generation = YES;
				INFOPLIST_KEY_UIApplicationSupportsIndirectInputEvents = YES;
				INFOPLIST_KEY_UILaunchScreen_Generation = YES;
				INFOPLIST_KEY_UISupportedInterfaceOrientations_iPad = "UIInterfaceOrientationPortrait UIInterfaceOrientationPortraitUpsideDown UIInterfaceOrientationLandscapeLeft UIInterfaceOrientationLandscapeRight";
				INFOPLIST_KEY_UISupportedInterfaceOrientations_iPhone = "UIInterfaceOrientationPortrait UIInterfaceOrientationLandscapeLeft UIInterfaceOrientationLandscapeRight";
				LD_RUNPATH_SEARCH_PATHS = (
					"$(inherited)",
					"@executable_path/Frameworks",
					"\"$(SRCROOT)/gift-tracker/Views\"",
					"\"$(SRCROOT)/gift-tracker\"",
				);
				MARKETING_VERSION = 1.0;
				PRODUCT_BUNDLE_IDENTIFIER = "com.crhodes2.gift-tracker";
				PRODUCT_NAME = "$(TARGET_NAME)";
				SWIFT_EMIT_LOC_STRINGS = YES;
				SWIFT_VERSION = 5.0;
				TARGETED_DEVICE_FAMILY = "1,2";
			};
			name = Release;
		};
/* End XCBuildConfiguration section */

/* Begin XCConfigurationList section */
		B89E526D2901E42000A8A7C3 /* Build configuration list for PBXProject "gift-tracker" */ = {
			isa = XCConfigurationList;
			buildConfigurations = (
				B89E527E2901E42200A8A7C3 /* Debug */,
				B89E527F2901E42200A8A7C3 /* Release */,
			);
			defaultConfigurationIsVisible = 0;
			defaultConfigurationName = Release;
		};
		B89E52802901E42200A8A7C3 /* Build configuration list for PBXNativeTarget "gift-tracker" */ = {
			isa = XCConfigurationList;
			buildConfigurations = (
				B89E52812901E42200A8A7C3 /* Debug */,
				B89E52822901E42200A8A7C3 /* Release */,
			);
			defaultConfigurationIsVisible = 0;
			defaultConfigurationName = Release;
		};
/* End XCConfigurationList section */
	};
	rootObject = B89E526A2901E42000A8A7C3 /* Project object */;
}
